
Microsoft Visual Studio Solution File, Format Version 12.00
# Visual Studio Version 16
VisualStudioVersion = 16.0.29806.167
MinimumVisualStudioVersion = 10.0.40219.1
Project("{8BC9CEB8-8B4A-11D0-8D11-00A0C91BC942}") = "multifiletest", "multifiletest.vcxproj", "{58883636-09B5-46D5-BB99-3A3165F3AE0E}"
EndProject
Global
	GlobalSection(SolutionConfigurationPlatforms) = preSolution
		Debug|x64 = Debug|x64
		Debug|x86 = Debug|x86
		Release|x64 = Release|x64
		Release|x86 = Release|x86
	EndGlobalSection
	GlobalSection(ProjectConfigurationPlatforms) = postSolution
		{58883636-09B5-46D5-BB99-3A3165F3AE0E}.Debug|x64.ActiveCfg = Debug|x64
		{58883636-09B5-46D5-BB99-3A3165F3AE0E}.Debug|x64.Build.0 = Debug|x64
		{58883636-09B5-46D5-BB99-3A3165F3AE0E}.Debug|x86.ActiveCfg = Debug|Win32
		{58883636-09B5-46D5-BB99-3A3165F3AE0E}.Debug|x86.Build.0 = Debug|Win32
		{58883636-09B5-46D5-BB99-3A3165F3AE0E}.Release|x64.ActiveCfg = Release|x64
		{58883636-09B5-46D5-BB99-3A3165F3AE0E}.Release|x64.Build.0 = Release|x64
		{58883636-09B5-46D5-BB99-3A3165F3AE0E}.Release|x86.ActiveCfg = Release|Win32
		{58883636-09B5-46D5-BB99-3A3165F3AE0E}.Release|x86.Build.0 = Release|Win32
	EndGlobalSection
	GlobalSection(SolutionProperties) = preSolution
		HideSolutionNode = FALSE
	EndGlobalSection
	GlobalSection(ExtensibilityGlobals) = postSolution
		SolutionGuid = {21915967-0468-43D5-9349-EDF0C0BED139}
	EndGlobalSection
EndGlobal
